dependencies:
- name: helm-product
  repository: oci://ghcr.io/onecx/charts
  version: 0.4.0
- name: onecx-search-config-svc
  repository: oci://ghcr.io/onecx/charts
  version: 0.0.0-rc.89
- name: onecx-search-config-bff
  repository: oci://ghcr.io/onecx/charts
  version: 0.0.0-rc.59
- name: onecx-search-config-ui
  repository: oci://ghcr.io/onecx/charts
  version: 0.0.0-rc.25
digest: sha256:1891f02db4490564a410c5908391eaad87c8472d87fffa0600b443e4759707fa
generated: "2025-11-20T08:25:27.24119421Z"
