dependencies:
- name: helm-product
  repository: oci://ghcr.io/onecx/charts
  version: 0.4.0
- name: onecx-search-config-svc
  repository: oci://ghcr.io/onecx/charts
  version: 0.0.0-rc.120
- name: onecx-search-config-bff
  repository: oci://ghcr.io/onecx/charts
  version: 0.0.0-rc.89
- name: onecx-search-config-ui
  repository: oci://ghcr.io/onecx/charts
  version: 0.0.0-rc.41
digest: sha256:63d7cbfe7fc7a9c82e01cd505e60b95d9ec8a9d61950e211b4b77d5b68474721
generated: "2026-05-06T07:30:15.823536245Z"
