dependencies:
- name: helm-product
  repository: oci://ghcr.io/onecx/charts
  version: 0.4.0
- name: onecx-search-config-svc
  repository: oci://ghcr.io/onecx/charts
  version: 0.0.0-rc.110
- name: onecx-search-config-bff
  repository: oci://ghcr.io/onecx/charts
  version: 0.0.0-rc.78
- name: onecx-search-config-ui
  repository: oci://ghcr.io/onecx/charts
  version: 0.0.0-rc.37
digest: sha256:b1f13cbd636072351d77095fe2bf1f58eebff3a0a1051113d0494747152d4ff7
generated: "2026-04-07T03:56:37.181583221Z"
